
Microsoft Visual Studio Solution File, Format Version 12.00
# Visual Studio Version 17
VisualStudioVersion = 17.2.32526.322
MinimumVisualStudioVersion = 10.0.40219.1
Project("{9A19103F-16F7-4668-BE54-9A1E7A4F7556}") = "bacosoft-lex-dotnet", "bacosoft-lex-dotnet\bacosoft-lex-dotnet.csproj", "{EFEE09BF-1473-4E30-84BE-702FF3076F7E}"
EndProject
Project("{FAE04EC0-301F-11D3-BF4B-00C04F79EFBC}") = "bacosoft-lex-dotnet-samples", "bacosoft-lex-dotnet-samples\bacosoft-lex-dotnet-samples.csproj", "{32B99095-6EA3-4049-AC36-F17F0BFA6E10}"
	ProjectSection(ProjectDependencies) = postProject
		{EFEE09BF-1473-4E30-84BE-702FF3076F7E} = {EFEE09BF-1473-4E30-84BE-702FF3076F7E}
	EndProjectSection
EndProject
Project("{2150E333-8FDC-42A3-9474-1A3956D46DE8}") = "Solution Items", "Solution Items", "{C248B7B5-8DAF-4D27-B80E-652504479169}"
	ProjectSection(SolutionItems) = preProject
		.editorconfig = .editorconfig
	EndProjectSection
EndProject
Global
	GlobalSection(SolutionConfigurationPlatforms) = preSolution
		Debug|Any CPU = Debug|Any CPU
		Release|Any CPU = Release|Any CPU
	EndGlobalSection
	GlobalSection(ProjectConfigurationPlatforms) = postSolution
		{EFEE09BF-1473-4E30-84BE-702FF3076F7E}.Debug|Any CPU.ActiveCfg = Debug|Any CPU
		{EFEE09BF-1473-4E30-84BE-702FF3076F7E}.Debug|Any CPU.Build.0 = Debug|Any CPU
		{EFEE09BF-1473-4E30-84BE-702FF3076F7E}.Release|Any CPU.ActiveCfg = Release|Any CPU
		{EFEE09BF-1473-4E30-84BE-702FF3076F7E}.Release|Any CPU.Build.0 = Release|Any CPU
		{32B99095-6EA3-4049-AC36-F17F0BFA6E10}.Debug|Any CPU.ActiveCfg = Debug|Any CPU
		{32B99095-6EA3-4049-AC36-F17F0BFA6E10}.Debug|Any CPU.Build.0 = Debug|Any CPU
		{32B99095-6EA3-4049-AC36-F17F0BFA6E10}.Release|Any CPU.ActiveCfg = Release|Any CPU
		{32B99095-6EA3-4049-AC36-F17F0BFA6E10}.Release|Any CPU.Build.0 = Release|Any CPU
	EndGlobalSection
	GlobalSection(SolutionProperties) = preSolution
		HideSolutionNode = FALSE
	EndGlobalSection
	GlobalSection(ExtensibilityGlobals) = postSolution
		SolutionGuid = {92A17681-F3CD-41AE-B232-087153322C74}
	EndGlobalSection
EndGlobal
